
Microsoft Visual Studio Solution File, Format Version 12.00
# Visual Studio Version 17
VisualStudioVersion = 17.14.36121.58 d17.14
MinimumVisualStudioVersion = 10.0.40219.1
Project("{FAE04EC0-301F-11D3-BF4B-00C04F79EFBC}") = "login", "login.csproj", "{C7773B9E-EF70-4E04-A7B9-CC0C2BC848A6}"
EndProject
Global
	GlobalSection(SolutionConfigurationPlatforms) = preSolution
		Debug|Any CPU = Debug|Any CPU
		Release|Any CPU = Release|Any CPU
	EndGlobalSection
	GlobalSection(ProjectConfigurationPlatforms) = postSolution
		{C7773B9E-EF70-4E04-A7B9-CC0C2BC848A6}.Debug|Any CPU.ActiveCfg = Debug|Any CPU
		{C7773B9E-EF70-4E04-A7B9-CC0C2BC848A6}.Debug|Any CPU.Build.0 = Debug|Any CPU
		{C7773B9E-EF70-4E04-A7B9-CC0C2BC848A6}.Release|Any CPU.ActiveCfg = Release|Any CPU
		{C7773B9E-EF70-4E04-A7B9-CC0C2BC848A6}.Release|Any CPU.Build.0 = Release|Any CPU
	EndGlobalSection
	GlobalSection(SolutionProperties) = preSolution
		HideSolutionNode = FALSE
	EndGlobalSection
	GlobalSection(ExtensibilityGlobals) = postSolution
		SolutionGuid = {87DDB955-3C35-4118-829E-C9240DBED8C2}
	EndGlobalSection
EndGlobal
